
Microsoft Visual Studio Solution File, Format Version 12.00
# Visual Studio 15
VisualStudioVersion = 15.0.26730.8
MinimumVisualStudioVersion = 10.0.40219.1
Project("{A07B5EB6-E848-4116-A8D0-A826331D98C6}") = "eStore", "eStore\eStore.sfproj", "{738711B0-0BB4-48B1-824D-1B8800E79CFB}"
EndProject
Project("{FAE04EC0-301F-11D3-BF4B-00C04F79EFBC}") = "eStore.Web", "eStore.Web\eStore.Web.csproj", "{764F85FA-E364-4690-98AE-B2B5A3939D4E}"
EndProject
Global
	GlobalSection(SolutionConfigurationPlatforms) = preSolution
		Debug|Any CPU = Debug|Any CPU
		Debug|x64 = Debug|x64
		Release|Any CPU = Release|Any CPU
		Release|x64 = Release|x64
	EndGlobalSection
	GlobalSection(ProjectConfigurationPlatforms) = postSolution
		{738711B0-0BB4-48B1-824D-1B8800E79CFB}.Debug|Any CPU.ActiveCfg = Debug|x64
		{738711B0-0BB4-48B1-824D-1B8800E79CFB}.Debug|x64.ActiveCfg = Debug|x64
		{738711B0-0BB4-48B1-824D-1B8800E79CFB}.Debug|x64.Build.0 = Debug|x64
		{738711B0-0BB4-48B1-824D-1B8800E79CFB}.Debug|x64.Deploy.0 = Debug|x64
		{738711B0-0BB4-48B1-824D-1B8800E79CFB}.Release|Any CPU.ActiveCfg = Release|x64
		{738711B0-0BB4-48B1-824D-1B8800E79CFB}.Release|x64.ActiveCfg = Release|x64
		{738711B0-0BB4-48B1-824D-1B8800E79CFB}.Release|x64.Build.0 = Release|x64
		{738711B0-0BB4-48B1-824D-1B8800E79CFB}.Release|x64.Deploy.0 = Release|x64
		{764F85FA-E364-4690-98AE-B2B5A3939D4E}.Debug|Any CPU.ActiveCfg = Debug|Any CPU
		{764F85FA-E364-4690-98AE-B2B5A3939D4E}.Debug|Any CPU.Build.0 = Debug|Any CPU
		{764F85FA-E364-4690-98AE-B2B5A3939D4E}.Debug|x64.ActiveCfg = Debug|Any CPU
		{764F85FA-E364-4690-98AE-B2B5A3939D4E}.Debug|x64.Build.0 = Debug|Any CPU
		{764F85FA-E364-4690-98AE-B2B5A3939D4E}.Release|Any CPU.ActiveCfg = Release|Any CPU
		{764F85FA-E364-4690-98AE-B2B5A3939D4E}.Release|Any CPU.Build.0 = Release|Any CPU
		{764F85FA-E364-4690-98AE-B2B5A3939D4E}.Release|x64.ActiveCfg = Release|Any CPU
		{764F85FA-E364-4690-98AE-B2B5A3939D4E}.Release|x64.Build.0 = Release|Any CPU
	EndGlobalSection
	GlobalSection(SolutionProperties) = preSolution
		HideSolutionNode = FALSE
	EndGlobalSection
	GlobalSection(ExtensibilityGlobals) = postSolution
		SolutionGuid = {5C3F1DBA-2271-4FFE-B46F-5611263932BB}
	EndGlobalSection
EndGlobal
